Microsoft Visual Studio Solution File, Format Version 12.00
# Visual Studio Version 17
VisualStudioVersion = 17.0.31912.275
MinimumVisualStudioVersion = 10.0.40219.1
Project("{FAE04EC0-301F-11D3-BF4B-00C04F79EFBC}") = "DeviceMonitor", "DeviceMonitor\DeviceMonitor.csproj", "{1E2A2B3C-4D5E-678F-90AB-1C2D3E4F5G6H}"
EndProject
Global
	GlobalSection(SolutionConfigurationPlatforms) = preSolution
		Debug|Any CPU = Debug|Any CPU
		Release|Any CPU = Release|Any CPU
	EndGlobalSection
	GlobalSection(ProjectConfigurationPlatforms) = postSolution
		{1E2A2B3C-4D5E-678F-90AB-1C2D3E4F5G6H}.Debug|Any CPU.ActiveCfg = Debug|Any CPU
		{1E2A2B3C-4D5E-678F-90AB-1C2D3E4F5G6H}.Debug|Any CPU.Build.0 = Debug|Any CPU
		{1E2A2B3C-4D5E-678F-90AB-1C2D3E4F5G6H}.Release|Any CPU.ActiveCfg = Release|Any CPU
		{1E2A2B3C-4D5E-678F-90AB-1C2D3E4F5G6H}.Release|Any CPU.Build.0 = Release|Any CPU
	EndGlobalSection
	GlobalSection(SolutionProperties) = preSolution
		HideSolutionNode = FALSE
	EndGlobalSection
EndGlobal
